<?xml version="1.0" encoding="UTF-8" standalone="yes" ?>
<CodeBlocks_project_file>
	<FileVersion major="1" minor="6" />
	<Project>
		<Option title="DungeonCrawler" />
		<Option pch_mode="2" />
		<Option compiler="gcc" />
		<Build>
			<Target title="Debug">
				<Option output="bin/Debug/DungeonCrawler" prefix_auto="1" extension_auto="1" />
				<Option object_output="obj/Debug/" />
				<Option type="1" />
				<Option compiler="gcc" />
				<Compiler>
					<Add option="-g" />
					<Add option="-std=gnu99" />
				</Compiler>
				<Linker>
					<Add library="/usr/lib/x86_64-linux-gnu/libSDL.so" />
					<Add library="/usr/lib/x86_64-linux-gnu/libSDL_image.so" />
					<Add library="/usr/lib/x86_64-linux-gnu/libSDL_gfx.so" />
				</Linker>
			</Target>
			<Target title="Release">
				<Option output="bin/Release/DungeonCrawler" prefix_auto="1" extension_auto="1" />
				<Option object_output="obj/Release/" />
				<Option type="1" />
				<Option compiler="gcc" />
				<Compiler>
					<Add option="-O2" />
				</Compiler>
				<Linker>
					<Add option="-s" />
				</Linker>
			</Target>
		</Build>
		<Compiler>
			<Add option="-Wall" />
		</Compiler>
		<Unit filename="door-1.png" />
		<Unit filename="door-1l.png" />
		<Unit filename="door-1r.png" />
		<Unit filename="door-2.png" />
		<Unit filename="door-2l.png" />
		<Unit filename="door-2r.png" />
		<Unit filename="generator/dungeon.pl" />
		<Unit filename="ground.png" />
		<Unit filename="main.c">
			<Option compilerVar="CC" />
		</Unit>
		<Unit filename="wall-0l.png" />
		<Unit filename="wall-0r.png" />
		<Unit filename="wall-1.png" />
		<Unit filename="wall-2.png" />
		<Unit filename="wall-3.png" />
		<Unit filename="wall-3l.png" />
		<Unit filename="wall-3r.png" />
		<Unit filename="walls.xcf" />
		<Extensions>
			<code_completion />
			<debugger />
		</Extensions>
	</Project>
</CodeBlocks_project_file>
